PODS:
  - Alamofire (4.7.1)
  - Ji (2.1.0):
    - Ji/Ji (= 2.1.0)
  - Ji/Ji (2.1.0):
    - Ji/Ji-libxml
  - Ji/Ji-libxml (2.1.0)

DEPENDENCIES:
  - Alamofire (~> 4.7)
  - Ji (~> 2.1.0)

SPEC REPOS:
  https://github.com/CocoaPods/Specs.git:
    - Alamofire
    - Ji

SPEC CHECKSUMS:
  Alamofire: 68d7d521118d49c615a8d2214d87cdf525599d30
  Ji: 21946da4e13425485ddd424edfaeeced0d80ad28

PODFILE CHECKSUM: 1a8a1cef82f6b5172c8fd18a41dfc9e9850c7bac

COCOAPODS: 1.5.0
